
Microsoft Visual Studio Solution File, Format Version 12.00
# Visual Studio 15
VisualStudioVersion = 15.0.26403.0
MinimumVisualStudioVersion = 10.0.40219.1
Project("{FAE04EC0-301F-11D3-BF4B-00C04F79EFBC}") = "ToggleClient", "ToggleClient\ToggleClient.csproj", "{9A99AC32-623A-4453-A9CD-DF4A4048D36D}"
EndProject
Project("{2150E333-8FDC-42A3-9474-1A3956D46DE8}") = "Solution Items", "Solution Items", "{DD7DE813-8104-44BD-9537-E0E969331315}"
EndProject
Global
	GlobalSection(SolutionConfigurationPlatforms) = preSolution
		Debug|Any CPU = Debug|Any CPU
		Release|Any CPU = Release|Any CPU
	EndGlobalSection
	GlobalSection(ProjectConfigurationPlatforms) = postSolution
		{9A99AC32-623A-4453-A9CD-DF4A4048D36D}.Debug|Any CPU.ActiveCfg = Debug|Any CPU
		{9A99AC32-623A-4453-A9CD-DF4A4048D36D}.Debug|Any CPU.Build.0 = Debug|Any CPU
		{9A99AC32-623A-4453-A9CD-DF4A4048D36D}.Release|Any CPU.ActiveCfg = Release|Any CPU
		{9A99AC32-623A-4453-A9CD-DF4A4048D36D}.Release|Any CPU.Build.0 = Release|Any CPU
	EndGlobalSection
	GlobalSection(SolutionProperties) = preSolution
		HideSolutionNode = FALSE
	EndGlobalSection
EndGlobal
